
Microsoft Visual Studio Solution File, Format Version 12.00
# Visual Studio Version 17
VisualStudioVersion = 17.6.33829.357
MinimumVisualStudioVersion = 10.0.40219.1
Project("{FAE04EC0-301F-11D3-BF4B-00C04F79EFBC}") = "CakeBakingProcess", "CakeBakingProcess.csproj", "{05295104-AB10-4E3C-9D87-9C010A3F8ACD}"
EndProject
Global
	GlobalSection(SolutionConfigurationPlatforms) = preSolution
		Debug|Any CPU = Debug|Any CPU
		Release|Any CPU = Release|Any CPU
	EndGlobalSection
	GlobalSection(ProjectConfigurationPlatforms) = postSolution
		{05295104-AB10-4E3C-9D87-9C010A3F8ACD}.Debug|Any CPU.ActiveCfg = Debug|Any CPU
		{05295104-AB10-4E3C-9D87-9C010A3F8ACD}.Debug|Any CPU.Build.0 = Debug|Any CPU
		{05295104-AB10-4E3C-9D87-9C010A3F8ACD}.Release|Any CPU.ActiveCfg = Release|Any CPU
		{05295104-AB10-4E3C-9D87-9C010A3F8ACD}.Release|Any CPU.Build.0 = Release|Any CPU
	EndGlobalSection
	GlobalSection(SolutionProperties) = preSolution
		HideSolutionNode = FALSE
	EndGlobalSection
	GlobalSection(ExtensibilityGlobals) = postSolution
		SolutionGuid = {0D864DC3-7298-4C6C-9556-9E716C244926}
	EndGlobalSection
EndGlobal
